
Microsoft Visual Studio Solution File, Format Version 12.00
# Visual Studio Version 17
VisualStudioVersion = 17.14.36212.18 d17.14
MinimumVisualStudioVersion = 10.0.40219.1
Project("{FAE04EC0-301F-11D3-BF4B-00C04F79EFBC}") = "Globale Exception Handeling", "Globale Exception Handeling\Globale Exception Handeling.csproj", "{F701B9CE-1D63-478F-A1EF-D7BF1C00CBAA}"
EndProject
Global
	GlobalSection(SolutionConfigurationPlatforms) = preSolution
		Debug|Any CPU = Debug|Any CPU
		Release|Any CPU = Release|Any CPU
	EndGlobalSection
	GlobalSection(ProjectConfigurationPlatforms) = postSolution
		{F701B9CE-1D63-478F-A1EF-D7BF1C00CBAA}.Debug|Any CPU.ActiveCfg = Debug|Any CPU
		{F701B9CE-1D63-478F-A1EF-D7BF1C00CBAA}.Debug|Any CPU.Build.0 = Debug|Any CPU
		{F701B9CE-1D63-478F-A1EF-D7BF1C00CBAA}.Release|Any CPU.ActiveCfg = Release|Any CPU
		{F701B9CE-1D63-478F-A1EF-D7BF1C00CBAA}.Release|Any CPU.Build.0 = Release|Any CPU
	EndGlobalSection
	GlobalSection(SolutionProperties) = preSolution
		HideSolutionNode = FALSE
	EndGlobalSection
	GlobalSection(ExtensibilityGlobals) = postSolution
		SolutionGuid = {BC505695-6A76-4D30-89DD-6B2DA971F288}
	EndGlobalSection
EndGlobal
